
Microsoft Visual Studio Solution File, Format Version 12.00
# Visual Studio Version 17
VisualStudioVersion = 17.0.31903.59
MinimumVisualStudioVersion = 10.0.40219.1
Project("{2150E333-8FDC-42A3-9474-1A3956D46DE8}") = "src", "src", "{827E0CD3-B72D-47B6-A68D-7590B98EB39B}"
EndProject
Project("{FAE04EC0-301F-11D3-BF4B-00C04F79EFBC}") = "DatadogNet.Internal.Android", "src\DatadogNet.Internal.Android\DatadogNet.Internal.Android.csproj", "{04C829F4-BB99-48BD-AA89-12E842467871}"
EndProject
Project("{FAE04EC0-301F-11D3-BF4B-00C04F79EFBC}") = "DatadogNet.Core.Android", "src\DatadogNet.Core.Android\DatadogNet.Core.Android.csproj", "{65191B02-43CE-445F-B116-39CB6DC45176}"
EndProject
Project("{FAE04EC0-301F-11D3-BF4B-00C04F79EFBC}") = "DatadogNet.Logs.Android", "src\DatadogNet.Logs.Android\DatadogNet.Logs.Android.csproj", "{20F5DFC4-D51A-491A-B70F-846C4D0843E8}"
EndProject
Project("{FAE04EC0-301F-11D3-BF4B-00C04F79EFBC}") = "DatadogNet.Trace.Android", "src\DatadogNet.Trace.Android\DatadogNet.Trace.Android.csproj", "{34473A35-6B07-43D4-9569-03573B1E3D33}"
EndProject
Project("{FAE04EC0-301F-11D3-BF4B-00C04F79EFBC}") = "DatadogNet.RUM.Android", "src\DatadogNet.RUM.Android\DatadogNet.RUM.Android.csproj", "{AB622C36-459B-46CD-957C-4DF9523009A1}"
EndProject
Project("{FAE04EC0-301F-11D3-BF4B-00C04F79EFBC}") = "DatadogNet.SessionReplay.Android", "src\DatadogNet.SessionReplay.Android\DatadogNet.SessionReplay.Android.csproj", "{243F0F57-19C7-4F3F-9C64-95EA9C4FB0B8}"
EndProject
Project("{FAE04EC0-301F-11D3-BF4B-00C04F79EFBC}") = "DatadogNet.SessionReplayMaterial.Android", "src\DatadogNet.SessionReplayMaterial.Android\DatadogNet.SessionReplayMaterial.Android.csproj", "{368A65FC-37E8-41E9-8C82-9398E9A26CB7}"
EndProject
Project("{FAE04EC0-301F-11D3-BF4B-00C04F79EFBC}") = "DatadogNet.SessionReplayCompose.Android", "src\DatadogNet.SessionReplayCompose.Android\DatadogNet.SessionReplayCompose.Android.csproj", "{CA6677AD-1C09-4FE9-8F0B-E465CC96B7FA}"
EndProject
Project("{FAE04EC0-301F-11D3-BF4B-00C04F79EFBC}") = "DatadogNet.Ndk.Android", "src\DatadogNet.Ndk.Android\DatadogNet.Ndk.Android.csproj", "{859E9C0F-E625-4B3F-BCF8-04B6827AFD96}"
EndProject
Project("{FAE04EC0-301F-11D3-BF4B-00C04F79EFBC}") = "DatadogNet.WebView.Android", "src\DatadogNet.WebView.Android\DatadogNet.WebView.Android.csproj", "{D302FA44-0CBB-4E58-B13F-0DBAA79316E8}"
EndProject
Project("{FAE04EC0-301F-11D3-BF4B-00C04F79EFBC}") = "DatadogNet.OkHttp.Android", "src\DatadogNet.OkHttp.Android\DatadogNet.OkHttp.Android.csproj", "{BFF6E9F5-5A62-44D3-8F4E-6EE13D248F07}"
EndProject
Project("{2150E333-8FDC-42A3-9474-1A3956D46DE8}") = "tests", "tests", "{0AB3BF05-4346-4AA6-1389-037BE0695223}"
EndProject
Project("{FAE04EC0-301F-11D3-BF4B-00C04F79EFBC}") = "DatadogNet.Android.PackageTests", "tests\DatadogNet.Android.PackageTests\DatadogNet.Android.PackageTests.csproj", "{2310B135-45BE-4876-9784-FC5C04EE530C}"
EndProject
Project("{FAE04EC0-301F-11D3-BF4B-00C04F79EFBC}") = "DatadogNet.Android.DeviceTests", "tests\DatadogNet.Android.DeviceTests\DatadogNet.Android.DeviceTests.csproj", "{83158D4D-3DD4-4DDB-9C8D-33DDEC8B5430}"
EndProject
Project("{FAE04EC0-301F-11D3-BF4B-00C04F79EFBC}") = "DatadogNet.OpenTracing.Android", "src\DatadogNet.OpenTracing.Android\DatadogNet.OpenTracing.Android.csproj", "{3BA5A3A4-2509-4617-A081-5C7FA2C9F098}"
EndProject
Global
	GlobalSection(SolutionConfigurationPlatforms) = preSolution
		Debug|Any CPU = Debug|Any CPU
		Debug|x64 = Debug|x64
		Debug|x86 = Debug|x86
		Release|Any CPU = Release|Any CPU
		Release|x64 = Release|x64
		Release|x86 = Release|x86
	EndGlobalSection
	GlobalSection(ProjectConfigurationPlatforms) = postSolution
		{04C829F4-BB99-48BD-AA89-12E842467871}.Debug|Any CPU.ActiveCfg = Debug|Any CPU
		{04C829F4-BB99-48BD-AA89-12E842467871}.Debug|Any CPU.Build.0 = Debug|Any CPU
		{04C829F4-BB99-48BD-AA89-12E842467871}.Debug|x64.ActiveCfg = Debug|Any CPU
		{04C829F4-BB99-48BD-AA89-12E842467871}.Debug|x64.Build.0 = Debug|Any CPU
		{04C829F4-BB99-48BD-AA89-12E842467871}.Debug|x86.ActiveCfg = Debug|Any CPU
		{04C829F4-BB99-48BD-AA89-12E842467871}.Debug|x86.Build.0 = Debug|Any CPU
		{04C829F4-BB99-48BD-AA89-12E842467871}.Release|Any CPU.ActiveCfg = Release|Any CPU
		{04C829F4-BB99-48BD-AA89-12E842467871}.Release|Any CPU.Build.0 = Release|Any CPU
		{04C829F4-BB99-48BD-AA89-12E842467871}.Release|x64.ActiveCfg = Release|Any CPU
		{04C829F4-BB99-48BD-AA89-12E842467871}.Release|x64.Build.0 = Release|Any CPU
		{04C829F4-BB99-48BD-AA89-12E842467871}.Release|x86.ActiveCfg = Release|Any CPU
		{04C829F4-BB99-48BD-AA89-12E842467871}.Release|x86.Build.0 = Release|Any CPU
		{65191B02-43CE-445F-B116-39CB6DC45176}.Debug|Any CPU.ActiveCfg = Debug|Any CPU
		{65191B02-43CE-445F-B116-39CB6DC45176}.Debug|Any CPU.Build.0 = Debug|Any CPU
		{65191B02-43CE-445F-B116-39CB6DC45176}.Debug|x64.ActiveCfg = Debug|Any CPU
		{65191B02-43CE-445F-B116-39CB6DC45176}.Debug|x64.Build.0 = Debug|Any CPU
		{65191B02-43CE-445F-B116-39CB6DC45176}.Debug|x86.ActiveCfg = Debug|Any CPU
		{65191B02-43CE-445F-B116-39CB6DC45176}.Debug|x86.Build.0 = Debug|Any CPU
		{65191B02-43CE-445F-B116-39CB6DC45176}.Release|Any CPU.ActiveCfg = Release|Any CPU
		{65191B02-43CE-445F-B116-39CB6DC45176}.Release|Any CPU.Build.0 = Release|Any CPU
		{65191B02-43CE-445F-B116-39CB6DC45176}.Release|x64.ActiveCfg = Release|Any CPU
		{65191B02-43CE-445F-B116-39CB6DC45176}.Release|x64.Build.0 = Release|Any CPU
		{65191B02-43CE-445F-B116-39CB6DC45176}.Release|x86.ActiveCfg = Release|Any CPU
		{65191B02-43CE-445F-B116-39CB6DC45176}.Release|x86.Build.0 = Release|Any CPU
		{20F5DFC4-D51A-491A-B70F-846C4D0843E8}.Debug|Any CPU.ActiveCfg = Debug|Any CPU
		{20F5DFC4-D51A-491A-B70F-846C4D0843E8}.Debug|Any CPU.Build.0 = Debug|Any CPU
		{20F5DFC4-D51A-491A-B70F-846C4D0843E8}.Debug|x64.ActiveCfg = Debug|Any CPU
		{20F5DFC4-D51A-491A-B70F-846C4D0843E8}.Debug|x64.Build.0 = Debug|Any CPU
		{20F5DFC4-D51A-491A-B70F-846C4D0843E8}.Debug|x86.ActiveCfg = Debug|Any CPU
		{20F5DFC4-D51A-491A-B70F-846C4D0843E8}.Debug|x86.Build.0 = Debug|Any CPU
		{20F5DFC4-D51A-491A-B70F-846C4D0843E8}.Release|Any CPU.ActiveCfg = Release|Any CPU
		{20F5DFC4-D51A-491A-B70F-846C4D0843E8}.Release|Any CPU.Build.0 = Release|Any CPU
		{20F5DFC4-D51A-491A-B70F-846C4D0843E8}.Release|x64.ActiveCfg = Release|Any CPU
		{20F5DFC4-D51A-491A-B70F-846C4D0843E8}.Release|x64.Build.0 = Release|Any CPU
		{20F5DFC4-D51A-491A-B70F-846C4D0843E8}.Release|x86.ActiveCfg = Release|Any CPU
		{20F5DFC4-D51A-491A-B70F-846C4D0843E8}.Release|x86.Build.0 = Release|Any CPU
		{34473A35-6B07-43D4-9569-03573B1E3D33}.Debug|Any CPU.ActiveCfg = Debug|Any CPU
		{34473A35-6B07-43D4-9569-03573B1E3D33}.Debug|Any CPU.Build.0 = Debug|Any CPU
		{34473A35-6B07-43D4-9569-03573B1E3D33}.Debug|x64.ActiveCfg = Debug|Any CPU
		{34473A35-6B07-43D4-9569-03573B1E3D33}.Debug|x64.Build.0 = Debug|Any CPU
		{34473A35-6B07-43D4-9569-03573B1E3D33}.Debug|x86.ActiveCfg = Debug|Any CPU
		{34473A35-6B07-43D4-9569-03573B1E3D33}.Debug|x86.Build.0 = Debug|Any CPU
		{34473A35-6B07-43D4-9569-03573B1E3D33}.Release|Any CPU.ActiveCfg = Release|Any CPU
		{34473A35-6B07-43D4-9569-03573B1E3D33}.Release|Any CPU.Build.0 = Release|Any CPU
		{34473A35-6B07-43D4-9569-03573B1E3D33}.Release|x64.ActiveCfg = Release|Any CPU
		{34473A35-6B07-43D4-9569-03573B1E3D33}.Release|x64.Build.0 = Release|Any CPU
		{34473A35-6B07-43D4-9569-03573B1E3D33}.Release|x86.ActiveCfg = Release|Any CPU
		{34473A35-6B07-43D4-9569-03573B1E3D33}.Release|x86.Build.0 = Release|Any CPU
		{AB622C36-459B-46CD-957C-4DF9523009A1}.Debug|Any CPU.ActiveCfg = Debug|Any CPU
		{AB622C36-459B-46CD-957C-4DF9523009A1}.Debug|Any CPU.Build.0 = Debug|Any CPU
		{AB622C36-459B-46CD-957C-4DF9523009A1}.Debug|x64.ActiveCfg = Debug|Any CPU
		{AB622C36-459B-46CD-957C-4DF9523009A1}.Debug|x64.Build.0 = Debug|Any CPU
		{AB622C36-459B-46CD-957C-4DF9523009A1}.Debug|x86.ActiveCfg = Debug|Any CPU
		{AB622C36-459B-46CD-957C-4DF9523009A1}.Debug|x86.Build.0 = Debug|Any CPU
		{AB622C36-459B-46CD-957C-4DF9523009A1}.Release|Any CPU.ActiveCfg = Release|Any CPU
		{AB622C36-459B-46CD-957C-4DF9523009A1}.Release|Any CPU.Build.0 = Release|Any CPU
		{AB622C36-459B-46CD-957C-4DF9523009A1}.Release|x64.ActiveCfg = Release|Any CPU
		{AB622C36-459B-46CD-957C-4DF9523009A1}.Release|x64.Build.0 = Release|Any CPU
		{AB622C36-459B-46CD-957C-4DF9523009A1}.Release|x86.ActiveCfg = Release|Any CPU
		{AB622C36-459B-46CD-957C-4DF9523009A1}.Release|x86.Build.0 = Release|Any CPU
		{243F0F57-19C7-4F3F-9C64-95EA9C4FB0B8}.Debug|Any CPU.ActiveCfg = Debug|Any CPU
		{243F0F57-19C7-4F3F-9C64-95EA9C4FB0B8}.Debug|Any CPU.Build.0 = Debug|Any CPU
		{243F0F57-19C7-4F3F-9C64-95EA9C4FB0B8}.Debug|x64.ActiveCfg = Debug|Any CPU
		{243F0F57-19C7-4F3F-9C64-95EA9C4FB0B8}.Debug|x64.Build.0 = Debug|Any CPU
		{243F0F57-19C7-4F3F-9C64-95EA9C4FB0B8}.Debug|x86.ActiveCfg = Debug|Any CPU
		{243F0F57-19C7-4F3F-9C64-95EA9C4FB0B8}.Debug|x86.Build.0 = Debug|Any CPU
		{243F0F57-19C7-4F3F-9C64-95EA9C4FB0B8}.Release|Any CPU.ActiveCfg = Release|Any CPU
		{243F0F57-19C7-4F3F-9C64-95EA9C4FB0B8}.Release|Any CPU.Build.0 = Release|Any CPU
		{243F0F57-19C7-4F3F-9C64-95EA9C4FB0B8}.Release|x64.ActiveCfg = Release|Any CPU
		{243F0F57-19C7-4F3F-9C64-95EA9C4FB0B8}.Release|x64.Build.0 = Release|Any CPU
		{243F0F57-19C7-4F3F-9C64-95EA9C4FB0B8}.Release|x86.ActiveCfg = Release|Any CPU
		{243F0F57-19C7-4F3F-9C64-95EA9C4FB0B8}.Release|x86.Build.0 = Release|Any CPU
		{368A65FC-37E8-41E9-8C82-9398E9A26CB7}.Debug|Any CPU.ActiveCfg = Debug|Any CPU
		{368A65FC-37E8-41E9-8C82-9398E9A26CB7}.Debug|Any CPU.Build.0 = Debug|Any CPU
		{368A65FC-37E8-41E9-8C82-9398E9A26CB7}.Debug|x64.ActiveCfg = Debug|Any CPU
		{368A65FC-37E8-41E9-8C82-9398E9A26CB7}.Debug|x64.Build.0 = Debug|Any CPU
		{368A65FC-37E8-41E9-8C82-9398E9A26CB7}.Debug|x86.ActiveCfg = Debug|Any CPU
		{368A65FC-37E8-41E9-8C82-9398E9A26CB7}.Debug|x86.Build.0 = Debug|Any CPU
		{368A65FC-37E8-41E9-8C82-9398E9A26CB7}.Release|Any CPU.ActiveCfg = Release|Any CPU
		{368A65FC-37E8-41E9-8C82-9398E9A26CB7}.Release|Any CPU.Build.0 = Release|Any CPU
		{368A65FC-37E8-41E9-8C82-9398E9A26CB7}.Release|x64.ActiveCfg = Release|Any CPU
		{368A65FC-37E8-41E9-8C82-9398E9A26CB7}.Release|x64.Build.0 = Release|Any CPU
		{368A65FC-37E8-41E9-8C82-9398E9A26CB7}.Release|x86.ActiveCfg = Release|Any CPU
		{368A65FC-37E8-41E9-8C82-9398E9A26CB7}.Release|x86.Build.0 = Release|Any CPU
		{CA6677AD-1C09-4FE9-8F0B-E465CC96B7FA}.Debug|Any CPU.ActiveCfg = Debug|Any CPU
		{CA6677AD-1C09-4FE9-8F0B-E465CC96B7FA}.Debug|Any CPU.Build.0 = Debug|Any CPU
		{CA6677AD-1C09-4FE9-8F0B-E465CC96B7FA}.Debug|x64.ActiveCfg = Debug|Any CPU
		{CA6677AD-1C09-4FE9-8F0B-E465CC96B7FA}.Debug|x64.Build.0 = Debug|Any CPU
		{CA6677AD-1C09-4FE9-8F0B-E465CC96B7FA}.Debug|x86.ActiveCfg = Debug|Any CPU
		{CA6677AD-1C09-4FE9-8F0B-E465CC96B7FA}.Debug|x86.Build.0 = Debug|Any CPU
		{CA6677AD-1C09-4FE9-8F0B-E465CC96B7FA}.Release|Any CPU.ActiveCfg = Release|Any CPU
		{CA6677AD-1C09-4FE9-8F0B-E465CC96B7FA}.Release|Any CPU.Build.0 = Release|Any CPU
		{CA6677AD-1C09-4FE9-8F0B-E465CC96B7FA}.Release|x64.ActiveCfg = Release|Any CPU
		{CA6677AD-1C09-4FE9-8F0B-E465CC96B7FA}.Release|x64.Build.0 = Release|Any CPU
		{CA6677AD-1C09-4FE9-8F0B-E465CC96B7FA}.Release|x86.ActiveCfg = Release|Any CPU
		{CA6677AD-1C09-4FE9-8F0B-E465CC96B7FA}.Release|x86.Build.0 = Release|Any CPU
		{859E9C0F-E625-4B3F-BCF8-04B6827AFD96}.Debug|Any CPU.ActiveCfg = Debug|Any CPU
		{859E9C0F-E625-4B3F-BCF8-04B6827AFD96}.Debug|Any CPU.Build.0 = Debug|Any CPU
		{859E9C0F-E625-4B3F-BCF8-04B6827AFD96}.Debug|x64.ActiveCfg = Debug|Any CPU
		{859E9C0F-E625-4B3F-BCF8-04B6827AFD96}.Debug|x64.Build.0 = Debug|Any CPU
		{859E9C0F-E625-4B3F-BCF8-04B6827AFD96}.Debug|x86.ActiveCfg = Debug|Any CPU
		{859E9C0F-E625-4B3F-BCF8-04B6827AFD96}.Debug|x86.Build.0 = Debug|Any CPU
		{859E9C0F-E625-4B3F-BCF8-04B6827AFD96}.Release|Any CPU.ActiveCfg = Release|Any CPU
		{859E9C0F-E625-4B3F-BCF8-04B6827AFD96}.Release|Any CPU.Build.0 = Release|Any CPU
		{859E9C0F-E625-4B3F-BCF8-04B6827AFD96}.Release|x64.ActiveCfg = Release|Any CPU
		{859E9C0F-E625-4B3F-BCF8-04B6827AFD96}.Release|x64.Build.0 = Release|Any CPU
		{859E9C0F-E625-4B3F-BCF8-04B6827AFD96}.Release|x86.ActiveCfg = Release|Any CPU
		{859E9C0F-E625-4B3F-BCF8-04B6827AFD96}.Release|x86.Build.0 = Release|Any CPU
		{D302FA44-0CBB-4E58-B13F-0DBAA79316E8}.Debug|Any CPU.ActiveCfg = Debug|Any CPU
		{D302FA44-0CBB-4E58-B13F-0DBAA79316E8}.Debug|Any CPU.Build.0 = Debug|Any CPU
		{D302FA44-0CBB-4E58-B13F-0DBAA79316E8}.Debug|x64.ActiveCfg = Debug|Any CPU
		{D302FA44-0CBB-4E58-B13F-0DBAA79316E8}.Debug|x64.Build.0 = Debug|Any CPU
		{D302FA44-0CBB-4E58-B13F-0DBAA79316E8}.Debug|x86.ActiveCfg = Debug|Any CPU
		{D302FA44-0CBB-4E58-B13F-0DBAA79316E8}.Debug|x86.Build.0 = Debug|Any CPU
		{D302FA44-0CBB-4E58-B13F-0DBAA79316E8}.Release|Any CPU.ActiveCfg = Release|Any CPU
		{D302FA44-0CBB-4E58-B13F-0DBAA79316E8}.Release|Any CPU.Build.0 = Release|Any CPU
		{D302FA44-0CBB-4E58-B13F-0DBAA79316E8}.Release|x64.ActiveCfg = Release|Any CPU
		{D302FA44-0CBB-4E58-B13F-0DBAA79316E8}.Release|x64.Build.0 = Release|Any CPU
		{D302FA44-0CBB-4E58-B13F-0DBAA79316E8}.Release|x86.ActiveCfg = Release|Any CPU
		{D302FA44-0CBB-4E58-B13F-0DBAA79316E8}.Release|x86.Build.0 = Release|Any CPU
		{BFF6E9F5-5A62-44D3-8F4E-6EE13D248F07}.Debug|Any CPU.ActiveCfg = Debug|Any CPU
		{BFF6E9F5-5A62-44D3-8F4E-6EE13D248F07}.Debug|Any CPU.Build.0 = Debug|Any CPU
		{BFF6E9F5-5A62-44D3-8F4E-6EE13D248F07}.Debug|x64.ActiveCfg = Debug|Any CPU
		{BFF6E9F5-5A62-44D3-8F4E-6EE13D248F07}.Debug|x64.Build.0 = Debug|Any CPU
		{BFF6E9F5-5A62-44D3-8F4E-6EE13D248F07}.Debug|x86.ActiveCfg = Debug|Any CPU
		{BFF6E9F5-5A62-44D3-8F4E-6EE13D248F07}.Debug|x86.Build.0 = Debug|Any CPU
		{BFF6E9F5-5A62-44D3-8F4E-6EE13D248F07}.Release|Any CPU.ActiveCfg = Release|Any CPU
		{BFF6E9F5-5A62-44D3-8F4E-6EE13D248F07}.Release|Any CPU.Build.0 = Release|Any CPU
		{BFF6E9F5-5A62-44D3-8F4E-6EE13D248F07}.Release|x64.ActiveCfg = Release|Any CPU
		{BFF6E9F5-5A62-44D3-8F4E-6EE13D248F07}.Release|x64.Build.0 = Release|Any CPU
		{BFF6E9F5-5A62-44D3-8F4E-6EE13D248F07}.Release|x86.ActiveCfg = Release|Any CPU
		{BFF6E9F5-5A62-44D3-8F4E-6EE13D248F07}.Release|x86.Build.0 = Release|Any CPU
		{2310B135-45BE-4876-9784-FC5C04EE530C}.Debug|Any CPU.ActiveCfg = Debug|Any CPU
		{2310B135-45BE-4876-9784-FC5C04EE530C}.Debug|Any CPU.Build.0 = Debug|Any CPU
		{2310B135-45BE-4876-9784-FC5C04EE530C}.Debug|x64.ActiveCfg = Debug|Any CPU
		{2310B135-45BE-4876-9784-FC5C04EE530C}.Debug|x64.Build.0 = Debug|Any CPU
		{2310B135-45BE-4876-9784-FC5C04EE530C}.Debug|x86.ActiveCfg = Debug|Any CPU
		{2310B135-45BE-4876-9784-FC5C04EE530C}.Debug|x86.Build.0 = Debug|Any CPU
		{2310B135-45BE-4876-9784-FC5C04EE530C}.Release|Any CPU.ActiveCfg = Release|Any CPU
		{2310B135-45BE-4876-9784-FC5C04EE530C}.Release|Any CPU.Build.0 = Release|Any CPU
		{2310B135-45BE-4876-9784-FC5C04EE530C}.Release|x64.ActiveCfg = Release|Any CPU
		{2310B135-45BE-4876-9784-FC5C04EE530C}.Release|x64.Build.0 = Release|Any CPU
		{2310B135-45BE-4876-9784-FC5C04EE530C}.Release|x86.ActiveCfg = Release|Any CPU
		{2310B135-45BE-4876-9784-FC5C04EE530C}.Release|x86.Build.0 = Release|Any CPU
		{83158D4D-3DD4-4DDB-9C8D-33DDEC8B5430}.Debug|Any CPU.ActiveCfg = Debug|Any CPU
		{83158D4D-3DD4-4DDB-9C8D-33DDEC8B5430}.Debug|Any CPU.Build.0 = Debug|Any CPU
		{83158D4D-3DD4-4DDB-9C8D-33DDEC8B5430}.Debug|x64.ActiveCfg = Debug|Any CPU
		{83158D4D-3DD4-4DDB-9C8D-33DDEC8B5430}.Debug|x64.Build.0 = Debug|Any CPU
		{83158D4D-3DD4-4DDB-9C8D-33DDEC8B5430}.Debug|x86.ActiveCfg = Debug|Any CPU
		{83158D4D-3DD4-4DDB-9C8D-33DDEC8B5430}.Debug|x86.Build.0 = Debug|Any CPU
		{83158D4D-3DD4-4DDB-9C8D-33DDEC8B5430}.Release|Any CPU.ActiveCfg = Release|Any CPU
		{83158D4D-3DD4-4DDB-9C8D-33DDEC8B5430}.Release|Any CPU.Build.0 = Release|Any CPU
		{83158D4D-3DD4-4DDB-9C8D-33DDEC8B5430}.Release|x64.ActiveCfg = Release|Any CPU
		{83158D4D-3DD4-4DDB-9C8D-33DDEC8B5430}.Release|x64.Build.0 = Release|Any CPU
		{83158D4D-3DD4-4DDB-9C8D-33DDEC8B5430}.Release|x86.ActiveCfg = Release|Any CPU
		{83158D4D-3DD4-4DDB-9C8D-33DDEC8B5430}.Release|x86.Build.0 = Release|Any CPU
		{3BA5A3A4-2509-4617-A081-5C7FA2C9F098}.Debug|Any CPU.ActiveCfg = Debug|Any CPU
		{3BA5A3A4-2509-4617-A081-5C7FA2C9F098}.Debug|Any CPU.Build.0 = Debug|Any CPU
		{3BA5A3A4-2509-4617-A081-5C7FA2C9F098}.Debug|x64.ActiveCfg = Debug|Any CPU
		{3BA5A3A4-2509-4617-A081-5C7FA2C9F098}.Debug|x64.Build.0 = Debug|Any CPU
		{3BA5A3A4-2509-4617-A081-5C7FA2C9F098}.Debug|x86.ActiveCfg = Debug|Any CPU
		{3BA5A3A4-2509-4617-A081-5C7FA2C9F098}.Debug|x86.Build.0 = Debug|Any CPU
		{3BA5A3A4-2509-4617-A081-5C7FA2C9F098}.Release|Any CPU.ActiveCfg = Release|Any CPU
		{3BA5A3A4-2509-4617-A081-5C7FA2C9F098}.Release|Any CPU.Build.0 = Release|Any CPU
		{3BA5A3A4-2509-4617-A081-5C7FA2C9F098}.Release|x64.ActiveCfg = Release|Any CPU
		{3BA5A3A4-2509-4617-A081-5C7FA2C9F098}.Release|x64.Build.0 = Release|Any CPU
		{3BA5A3A4-2509-4617-A081-5C7FA2C9F098}.Release|x86.ActiveCfg = Release|Any CPU
		{3BA5A3A4-2509-4617-A081-5C7FA2C9F098}.Release|x86.Build.0 = Release|Any CPU
	EndGlobalSection
	GlobalSection(SolutionProperties) = preSolution
		HideSolutionNode = FALSE
	EndGlobalSection
	GlobalSection(NestedProjects) = preSolution
		{04C829F4-BB99-48BD-AA89-12E842467871} = {827E0CD3-B72D-47B6-A68D-7590B98EB39B}
		{65191B02-43CE-445F-B116-39CB6DC45176} = {827E0CD3-B72D-47B6-A68D-7590B98EB39B}
		{20F5DFC4-D51A-491A-B70F-846C4D0843E8} = {827E0CD3-B72D-47B6-A68D-7590B98EB39B}
		{34473A35-6B07-43D4-9569-03573B1E3D33} = {827E0CD3-B72D-47B6-A68D-7590B98EB39B}
		{AB622C36-459B-46CD-957C-4DF9523009A1} = {827E0CD3-B72D-47B6-A68D-7590B98EB39B}
		{243F0F57-19C7-4F3F-9C64-95EA9C4FB0B8} = {827E0CD3-B72D-47B6-A68D-7590B98EB39B}
		{368A65FC-37E8-41E9-8C82-9398E9A26CB7} = {827E0CD3-B72D-47B6-A68D-7590B98EB39B}
		{CA6677AD-1C09-4FE9-8F0B-E465CC96B7FA} = {827E0CD3-B72D-47B6-A68D-7590B98EB39B}
		{859E9C0F-E625-4B3F-BCF8-04B6827AFD96} = {827E0CD3-B72D-47B6-A68D-7590B98EB39B}
		{D302FA44-0CBB-4E58-B13F-0DBAA79316E8} = {827E0CD3-B72D-47B6-A68D-7590B98EB39B}
		{BFF6E9F5-5A62-44D3-8F4E-6EE13D248F07} = {827E0CD3-B72D-47B6-A68D-7590B98EB39B}
		{2310B135-45BE-4876-9784-FC5C04EE530C} = {0AB3BF05-4346-4AA6-1389-037BE0695223}
		{83158D4D-3DD4-4DDB-9C8D-33DDEC8B5430} = {0AB3BF05-4346-4AA6-1389-037BE0695223}
		{3BA5A3A4-2509-4617-A081-5C7FA2C9F098} = {827E0CD3-B72D-47B6-A68D-7590B98EB39B}
	EndGlobalSection
EndGlobal
